
Microsoft Visual Studio Solution File, Format Version 12.00
# Visual Studio 15
VisualStudioVersion = 15.0.28307.572
MinimumVisualStudioVersion = 10.0.40219.1
Project("{2150E333-8FDC-42A3-9474-1A3956D46DE8}") = "Core", "Core", "{6598B9A6-43C3-4D27-8A18-E9EBB429C8C9}"
EndProject
Project("{FAE04EC0-301F-11D3-BF4B-00C04F79EFBC}") = "GTRP.NET.Core.Server", "GTRP.NET.Core.Server\GTRP.NET.Core.Server.csproj", "{4098814D-FAEC-4C3F-B5E7-47621A7EBADA}"
	ProjectSection(ProjectDependencies) = postProject
		{DC8B4A45-786E-4A1D-BB8E-E706CFF5BB3B} = {DC8B4A45-786E-4A1D-BB8E-E706CFF5BB3B}
		{B5F627BC-46EF-4833-8C2A-2F31B200BE99} = {B5F627BC-46EF-4833-8C2A-2F31B200BE99}
	EndProjectSection
EndProject
Project("{FAE04EC0-301F-11D3-BF4B-00C04F79EFBC}") = "GTRP.NET.Core.Client", "GTRP.NET.Core.Client\GTRP.NET.Core.Client.csproj", "{DC8B4A45-786E-4A1D-BB8E-E706CFF5BB3B}"
	ProjectSection(ProjectDependencies) = postProject
		{B5F627BC-46EF-4833-8C2A-2F31B200BE99} = {B5F627BC-46EF-4833-8C2A-2F31B200BE99}
	EndProjectSection
EndProject
Project("{FAE04EC0-301F-11D3-BF4B-00C04F79EFBC}") = "Examples", "Examples\Examples.csproj", "{F38834CD-6EDE-474B-BF61-8BBB5465F627}"
EndProject
Project("{2150E333-8FDC-42A3-9474-1A3956D46DE8}") = "Misc", "Misc", "{DAA43927-1B9A-4DE7-996A-EBF86957778F}"
EndProject
Project("{FAE04EC0-301F-11D3-BF4B-00C04F79EFBC}") = "GTRP.NET.Shared", "GTRP.NET.Core.Shared\GTRP.NET.Shared.csproj", "{B5F627BC-46EF-4833-8C2A-2F31B200BE99}"
EndProject
Project("{2150E333-8FDC-42A3-9474-1A3956D46DE8}") = "Shared", "Shared", "{4984A630-D38D-4BD1-87BF-9FC5271D8672}"
EndProject
Project("{2150E333-8FDC-42A3-9474-1A3956D46DE8}") = "Systems", "Systems", "{50475997-3739-4A57-9AD7-589E474A1FC8}"
EndProject
Project("{FAE04EC0-301F-11D3-BF4B-00C04F79EFBC}") = "GTRP.NET.Systems.Characters.Client", "GTRP.NET.Systems.Characters\GTRP.NET.Systems.Characters.Client.csproj", "{B0EAF232-561C-41EF-BC34-99DD43A4E914}"
EndProject
Global
	GlobalSection(SolutionConfigurationPlatforms) = preSolution
		Debug|Any CPU = Debug|Any CPU
		Release|Any CPU = Release|Any CPU
	EndGlobalSection
	GlobalSection(ProjectConfigurationPlatforms) = postSolution
		{4098814D-FAEC-4C3F-B5E7-47621A7EBADA}.Debug|Any CPU.ActiveCfg = Debug|Any CPU
		{4098814D-FAEC-4C3F-B5E7-47621A7EBADA}.Debug|Any CPU.Build.0 = Debug|Any CPU
		{4098814D-FAEC-4C3F-B5E7-47621A7EBADA}.Release|Any CPU.ActiveCfg = Release|Any CPU
		{4098814D-FAEC-4C3F-B5E7-47621A7EBADA}.Release|Any CPU.Build.0 = Release|Any CPU
		{DC8B4A45-786E-4A1D-BB8E-E706CFF5BB3B}.Debug|Any CPU.ActiveCfg = Debug|Any CPU
		{DC8B4A45-786E-4A1D-BB8E-E706CFF5BB3B}.Debug|Any CPU.Build.0 = Debug|Any CPU
		{DC8B4A45-786E-4A1D-BB8E-E706CFF5BB3B}.Release|Any CPU.ActiveCfg = Release|Any CPU
		{DC8B4A45-786E-4A1D-BB8E-E706CFF5BB3B}.Release|Any CPU.Build.0 = Release|Any CPU
		{F38834CD-6EDE-474B-BF61-8BBB5465F627}.Debug|Any CPU.ActiveCfg = Debug|Any CPU
		{F38834CD-6EDE-474B-BF61-8BBB5465F627}.Debug|Any CPU.Build.0 = Debug|Any CPU
		{F38834CD-6EDE-474B-BF61-8BBB5465F627}.Release|Any CPU.ActiveCfg = Release|Any CPU
		{F38834CD-6EDE-474B-BF61-8BBB5465F627}.Release|Any CPU.Build.0 = Release|Any CPU
		{B5F627BC-46EF-4833-8C2A-2F31B200BE99}.Debug|Any CPU.ActiveCfg = Debug|Any CPU
		{B5F627BC-46EF-4833-8C2A-2F31B200BE99}.Debug|Any CPU.Build.0 = Debug|Any CPU
		{B5F627BC-46EF-4833-8C2A-2F31B200BE99}.Release|Any CPU.ActiveCfg = Release|Any CPU
		{B5F627BC-46EF-4833-8C2A-2F31B200BE99}.Release|Any CPU.Build.0 = Release|Any CPU
		{B0EAF232-561C-41EF-BC34-99DD43A4E914}.Debug|Any CPU.ActiveCfg = Debug|Any CPU
		{B0EAF232-561C-41EF-BC34-99DD43A4E914}.Debug|Any CPU.Build.0 = Debug|Any CPU
		{B0EAF232-561C-41EF-BC34-99DD43A4E914}.Release|Any CPU.ActiveCfg = Release|Any CPU
		{B0EAF232-561C-41EF-BC34-99DD43A4E914}.Release|Any CPU.Build.0 = Release|Any CPU
	EndGlobalSection
	GlobalSection(SolutionProperties) = preSolution
		HideSolutionNode = FALSE
	EndGlobalSection
	GlobalSection(NestedProjects) = preSolution
		{4098814D-FAEC-4C3F-B5E7-47621A7EBADA} = {6598B9A6-43C3-4D27-8A18-E9EBB429C8C9}
		{DC8B4A45-786E-4A1D-BB8E-E706CFF5BB3B} = {6598B9A6-43C3-4D27-8A18-E9EBB429C8C9}
		{F38834CD-6EDE-474B-BF61-8BBB5465F627} = {DAA43927-1B9A-4DE7-996A-EBF86957778F}
		{B5F627BC-46EF-4833-8C2A-2F31B200BE99} = {4984A630-D38D-4BD1-87BF-9FC5271D8672}
		{B0EAF232-561C-41EF-BC34-99DD43A4E914} = {50475997-3739-4A57-9AD7-589E474A1FC8}
	EndGlobalSection
	GlobalSection(ExtensibilityGlobals) = postSolution
		SolutionGuid = {8F081137-1558-45A7-A2B9-8F53BE14CD0F}
	EndGlobalSection
EndGlobal
